
Microsoft Visual Studio Solution File, Format Version 12.00
# Visual Studio Version 17
VisualStudioVersion = 17.11.35327.3
MinimumVisualStudioVersion = 10.0.40219.1
Project("{FAE04EC0-301F-11D3-BF4B-00C04F79EFBC}") = "ExpenseTrackerAPI", "ExpenseTrackerAPI.csproj", "{15A04A81-785A-4D4B-AC5F-E53F08152771}"
EndProject
Global
	GlobalSection(SolutionConfigurationPlatforms) = preSolution
		Debug|Any CPU = Debug|Any CPU
		Release|Any CPU = Release|Any CPU
	EndGlobalSection
	GlobalSection(ProjectConfigurationPlatforms) = postSolution
		{15A04A81-785A-4D4B-AC5F-E53F08152771}.Debug|Any CPU.ActiveCfg = Debug|Any CPU
		{15A04A81-785A-4D4B-AC5F-E53F08152771}.Debug|Any CPU.Build.0 = Debug|Any CPU
		{15A04A81-785A-4D4B-AC5F-E53F08152771}.Release|Any CPU.ActiveCfg = Release|Any CPU
		{15A04A81-785A-4D4B-AC5F-E53F08152771}.Release|Any CPU.Build.0 = Release|Any CPU
	EndGlobalSection
	GlobalSection(SolutionProperties) = preSolution
		HideSolutionNode = FALSE
	EndGlobalSection
	GlobalSection(ExtensibilityGlobals) = postSolution
		SolutionGuid = {A83E14DD-D113-4765-936E-271985A8A533}
	EndGlobalSection
EndGlobal
